
Microsoft Visual Studio Solution File, Format Version 12.00
# Visual Studio Version 16
VisualStudioVersion = 16.0.31410.357
MinimumVisualStudioVersion = 10.0.40219.1
Project("{FAE04EC0-301F-11D3-BF4B-00C04F79EFBC}") = "createTable", "createTable\createTable.csproj", "{3BD1C631-928A-496F-B43E-A1AF1BC18FCB}"
EndProject
Global
	GlobalSection(SolutionConfigurationPlatforms) = preSolution
		Debug|Any CPU = Debug|Any CPU
		Release|Any CPU = Release|Any CPU
	EndGlobalSection
	GlobalSection(ProjectConfigurationPlatforms) = postSolution
		{3BD1C631-928A-496F-B43E-A1AF1BC18FCB}.Debug|Any CPU.ActiveCfg = Debug|Any CPU
		{3BD1C631-928A-496F-B43E-A1AF1BC18FCB}.Debug|Any CPU.Build.0 = Debug|Any CPU
		{3BD1C631-928A-496F-B43E-A1AF1BC18FCB}.Release|Any CPU.ActiveCfg = Release|Any CPU
		{3BD1C631-928A-496F-B43E-A1AF1BC18FCB}.Release|Any CPU.Build.0 = Release|Any CPU
	EndGlobalSection
	GlobalSection(SolutionProperties) = preSolution
		HideSolutionNode = FALSE
	EndGlobalSection
	GlobalSection(ExtensibilityGlobals) = postSolution
		SolutionGuid = {54F3AF81-D2DC-4A6A-820A-53F0FCE599BD}
	EndGlobalSection
EndGlobal
